{
	"name": "user_auth",
	"version": "1.0.0",
	"lockfileVersion": 1,
	"requires": true,
	"dependencies": {
		"uni-account": {
			"version": "file:../common/uni-account",
			"requires": {
				"uni-config-center": "file:../../../uni_modules/uni-config-center/uniCloud/cloudfunctions/common/uni-config-center",
				"uni-sec-check": "file:../../../uni_modules/uni-sec-check/uniCloud/cloudfunctions/common/uni-sec-check",
				"utils": "file:../common/utils"
			},
			"dependencies": {
				"uni-config-center": {
					"version": "file:../../../uni_modules/uni-config-center/uniCloud/cloudfunctions/common/uni-config-center"
				},
				"uni-sec-check": {
					"version": "file:../../../uni_modules/uni-sec-check/uniCloud/cloudfunctions/common/uni-sec-check",
					"requires": {
						"uni-config-center": "file:../../../uni_modules/uni-config-center/uniCloud/cloudfunctions/common/uni-config-center"
					},
					"dependencies": {
						"uni-config-center": {
							"version": "file:../../../uni_modules/uni-config-center/uniCloud/cloudfunctions/common/uni-config-center"
						}
					}
				},
				"utils": {
					"version": "file:../common/utils"
				}
			}
		},
		"utils": {
			"version": "file:../common/utils"
		}
	}
}
