{
	"name": "config_map",
	"version": "1.0.0",
	"lockfileVersion": 2,
	"requires": true,
	"packages": {
		"": {
			"name": "config_map",
			"version": "1.0.0",
			"license": "ISC",
			"dependencies": {
				"utils": "file:../common/utils"
			}
		},
		"../common/utils": {
			"version": "1.0.0",
			"license": "ISC",
			"dependencies": {
				"uni-account": "file:../uni-account",
				"uni-captcha": "file:../../../../uni_modules/uni-captcha/uniCloud/cloudfunctions/common/uni-captcha",
				"uni-config-center": "file:../../../../uni_modules/uni-config-center/uniCloud/cloudfunctions/common/uni-config-center",
				"uni-id": "file:../../../../uni_modules/uni-id/uniCloud/cloudfunctions/common/uni-id",
				"uni-sec-check": "file:../../../../uni_modules/uni-sec-check/uniCloud/cloudfunctions/common/uni-sec-check"
			}
		},
		"node_modules/utils": {
			"resolved": "../common/utils",
			"link": true
		}
	},
	"dependencies": {
		"utils": {
			"version": "file:../common/utils",
			"requires": {
				"uni-account": "file:../uni-account",
				"uni-captcha": "file:../../../../uni_modules/uni-captcha/uniCloud/cloudfunctions/common/uni-captcha",
				"uni-config-center": "file:../../../../uni_modules/uni-config-center/uniCloud/cloudfunctions/common/uni-config-center",
				"uni-id": "file:../../../../uni_modules/uni-id/uniCloud/cloudfunctions/common/uni-id",
				"uni-sec-check": "file:../../../../uni_modules/uni-sec-check/uniCloud/cloudfunctions/common/uni-sec-check"
			}
		}
	}
}
