{
	"name": "query_list",
	"version": "1.0.0",
	"lockfileVersion": 2,
	"requires": true,
	"packages": {
		"": {
			"name": "query_list",
			"version": "1.0.0",
			"license": "ISC",
			"dependencies": {
				"utils": "file:../common/utils"
			}
		},
		"../common/utils": {
			"version": "0.1.1",
			"license": "Apache-2.0"
		},
		"node_modules/utils": {
			"resolved": "../common/utils",
			"link": true
		}
	},
	"dependencies": {
		"utils": {
			"version": "file:../common/utils"
		}
	}
}
